
Microsoft Visual Studio Solution File, Format Version 12.00
# Visual Studio 2012
Project("{FAE04EC0-301F-11D3-BF4B-00C04F79EFBC}") = "Emitson.Service", "Emitson.Service\Emitson.Service.csproj", "{FECD4817-A20E-4E90-B193-2E40B57FD131}"
EndProject
Project("{FAE04EC0-301F-11D3-BF4B-00C04F79EFBC}") = "Figlut.Server.Toolkit.45", "..\..\..\Figlut\code\trunk\Windows\Figlut.Server.Toolkit.45\Figlut.Server.Toolkit.45.csproj", "{A7C9A24D-E19B-42F5-A298-805A489334EF}"
EndProject
Project("{FAE04EC0-301F-11D3-BF4B-00C04F79EFBC}") = "WinampFrontEndDemo", "..\..\..\SampleApps\Article_src\WinampFrontEndSolution\WinampFrontEndDemo\WinampFrontEndDemo.csproj", "{532800DB-2B69-481C-90F7-ECE4062EB596}"
EndProject
Project("{FAE04EC0-301F-11D3-BF4B-00C04F79EFBC}") = "WinampFrontEndLib", "WinampFrontEndLib\WinampFrontEndLib.csproj", "{0FA619A7-6266-4677-A439-43A7E0316353}"
EndProject
Project("{FAE04EC0-301F-11D3-BF4B-00C04F79EFBC}") = "WinAmpSDK", "Winamp SDK\WinAmpSDK.csproj", "{70E44987-DBB8-4455-87E0-33CD6F6C55DD}"
EndProject
Project("{FAE04EC0-301F-11D3-BF4B-00C04F79EFBC}") = "TestProg", "WinampSDKTestProg\TestProg.csproj", "{EB30D4EB-B85A-4353-BCB6-9E47BEF1B140}"
EndProject
Project("{FAE04EC0-301F-11D3-BF4B-00C04F79EFBC}") = "Winamp.SDK", "Winamp.SDK\Winamp.SDK.csproj", "{73FBB8A2-88D2-4DDB-A0B7-BE4003D103AA}"
EndProject
Project("{6141683F-8A12-4E36-9623-2EB02B2C2303}") = "Emitson.Service.Installer", "Emitson.Service.Installer\Emitson.Service.Installer.isproj", "{8F4A3552-1AB5-493E-BB98-8C4B9481B8F5}"
	ProjectSection(ProjectDependencies) = postProject
		{FECD4817-A20E-4E90-B193-2E40B57FD131} = {FECD4817-A20E-4E90-B193-2E40B57FD131}
	EndProjectSection
EndProject
Project("{FAE04EC0-301F-11D3-BF4B-00C04F79EFBC}") = "Emitson.Installer", "Emitson.Installer\Emitson.Installer.csproj", "{0A1C4FD0-A06D-4773-A651-E511093D03E4}"
EndProject
Global
	GlobalSection(SolutionConfigurationPlatforms) = preSolution
		CD_ROM|Any CPU = CD_ROM|Any CPU
		Debug|Any CPU = Debug|Any CPU
		DVD-5|Any CPU = DVD-5|Any CPU
		Release|Any CPU = Release|Any CPU
		SingleImage|Any CPU = SingleImage|Any CPU
	EndGlobalSection
	GlobalSection(ProjectConfigurationPlatforms) = postSolution
		{FECD4817-A20E-4E90-B193-2E40B57FD131}.CD_ROM|Any CPU.ActiveCfg = Release|Any CPU
		{FECD4817-A20E-4E90-B193-2E40B57FD131}.CD_ROM|Any CPU.Build.0 = Release|Any CPU
		{FECD4817-A20E-4E90-B193-2E40B57FD131}.Debug|Any CPU.ActiveCfg = Debug|Any CPU
		{FECD4817-A20E-4E90-B193-2E40B57FD131}.Debug|Any CPU.Build.0 = Debug|Any CPU
		{FECD4817-A20E-4E90-B193-2E40B57FD131}.DVD-5|Any CPU.ActiveCfg = Debug|Any CPU
		{FECD4817-A20E-4E90-B193-2E40B57FD131}.DVD-5|Any CPU.Build.0 = Debug|Any CPU
		{FECD4817-A20E-4E90-B193-2E40B57FD131}.Release|Any CPU.ActiveCfg = Release|Any CPU
		{FECD4817-A20E-4E90-B193-2E40B57FD131}.Release|Any CPU.Build.0 = Release|Any CPU
		{FECD4817-A20E-4E90-B193-2E40B57FD131}.SingleImage|Any CPU.ActiveCfg = Release|Any CPU
		{FECD4817-A20E-4E90-B193-2E40B57FD131}.SingleImage|Any CPU.Build.0 = Release|Any CPU
		{A7C9A24D-E19B-42F5-A298-805A489334EF}.CD_ROM|Any CPU.ActiveCfg = Release|Any CPU
		{A7C9A24D-E19B-42F5-A298-805A489334EF}.CD_ROM|Any CPU.Build.0 = Release|Any CPU
		{A7C9A24D-E19B-42F5-A298-805A489334EF}.Debug|Any CPU.ActiveCfg = Debug|Any CPU
		{A7C9A24D-E19B-42F5-A298-805A489334EF}.Debug|Any CPU.Build.0 = Debug|Any CPU
		{A7C9A24D-E19B-42F5-A298-805A489334EF}.DVD-5|Any CPU.ActiveCfg = Debug|Any CPU
		{A7C9A24D-E19B-42F5-A298-805A489334EF}.DVD-5|Any CPU.Build.0 = Debug|Any CPU
		{A7C9A24D-E19B-42F5-A298-805A489334EF}.Release|Any CPU.ActiveCfg = Release|Any CPU
		{A7C9A24D-E19B-42F5-A298-805A489334EF}.Release|Any CPU.Build.0 = Release|Any CPU
		{A7C9A24D-E19B-42F5-A298-805A489334EF}.SingleImage|Any CPU.ActiveCfg = Release|Any CPU
		{A7C9A24D-E19B-42F5-A298-805A489334EF}.SingleImage|Any CPU.Build.0 = Release|Any CPU
		{532800DB-2B69-481C-90F7-ECE4062EB596}.CD_ROM|Any CPU.ActiveCfg = Release|Any CPU
		{532800DB-2B69-481C-90F7-ECE4062EB596}.CD_ROM|Any CPU.Build.0 = Release|Any CPU
		{532800DB-2B69-481C-90F7-ECE4062EB596}.Debug|Any CPU.ActiveCfg = Debug|Any CPU
		{532800DB-2B69-481C-90F7-ECE4062EB596}.Debug|Any CPU.Build.0 = Debug|Any CPU
		{532800DB-2B69-481C-90F7-ECE4062EB596}.DVD-5|Any CPU.ActiveCfg = Debug|Any CPU
		{532800DB-2B69-481C-90F7-ECE4062EB596}.DVD-5|Any CPU.Build.0 = Debug|Any CPU
		{532800DB-2B69-481C-90F7-ECE4062EB596}.Release|Any CPU.ActiveCfg = Release|Any CPU
		{532800DB-2B69-481C-90F7-ECE4062EB596}.Release|Any CPU.Build.0 = Release|Any CPU
		{532800DB-2B69-481C-90F7-ECE4062EB596}.SingleImage|Any CPU.ActiveCfg = Release|Any CPU
		{532800DB-2B69-481C-90F7-ECE4062EB596}.SingleImage|Any CPU.Build.0 = Release|Any CPU
		{0FA619A7-6266-4677-A439-43A7E0316353}.CD_ROM|Any CPU.ActiveCfg = Release|Any CPU
		{0FA619A7-6266-4677-A439-43A7E0316353}.CD_ROM|Any CPU.Build.0 = Release|Any CPU
		{0FA619A7-6266-4677-A439-43A7E0316353}.Debug|Any CPU.ActiveCfg = Debug|Any CPU
		{0FA619A7-6266-4677-A439-43A7E0316353}.Debug|Any CPU.Build.0 = Debug|Any CPU
		{0FA619A7-6266-4677-A439-43A7E0316353}.DVD-5|Any CPU.ActiveCfg = Debug|Any CPU
		{0FA619A7-6266-4677-A439-43A7E0316353}.DVD-5|Any CPU.Build.0 = Debug|Any CPU
		{0FA619A7-6266-4677-A439-43A7E0316353}.Release|Any CPU.ActiveCfg = Release|Any CPU
		{0FA619A7-6266-4677-A439-43A7E0316353}.Release|Any CPU.Build.0 = Release|Any CPU
		{0FA619A7-6266-4677-A439-43A7E0316353}.SingleImage|Any CPU.ActiveCfg = Release|Any CPU
		{0FA619A7-6266-4677-A439-43A7E0316353}.SingleImage|Any CPU.Build.0 = Release|Any CPU
		{70E44987-DBB8-4455-87E0-33CD6F6C55DD}.CD_ROM|Any CPU.ActiveCfg = Release|Any CPU
		{70E44987-DBB8-4455-87E0-33CD6F6C55DD}.CD_ROM|Any CPU.Build.0 = Release|Any CPU
		{70E44987-DBB8-4455-87E0-33CD6F6C55DD}.Debug|Any CPU.ActiveCfg = Debug|Any CPU
		{70E44987-DBB8-4455-87E0-33CD6F6C55DD}.Debug|Any CPU.Build.0 = Debug|Any CPU
		{70E44987-DBB8-4455-87E0-33CD6F6C55DD}.DVD-5|Any CPU.ActiveCfg = Debug|Any CPU
		{70E44987-DBB8-4455-87E0-33CD6F6C55DD}.DVD-5|Any CPU.Build.0 = Debug|Any CPU
		{70E44987-DBB8-4455-87E0-33CD6F6C55DD}.Release|Any CPU.ActiveCfg = Release|Any CPU
		{70E44987-DBB8-4455-87E0-33CD6F6C55DD}.Release|Any CPU.Build.0 = Release|Any CPU
		{70E44987-DBB8-4455-87E0-33CD6F6C55DD}.SingleImage|Any CPU.ActiveCfg = Release|Any CPU
		{70E44987-DBB8-4455-87E0-33CD6F6C55DD}.SingleImage|Any CPU.Build.0 = Release|Any CPU
		{EB30D4EB-B85A-4353-BCB6-9E47BEF1B140}.CD_ROM|Any CPU.ActiveCfg = Release|Any CPU
		{EB30D4EB-B85A-4353-BCB6-9E47BEF1B140}.CD_ROM|Any CPU.Build.0 = Release|Any CPU
		{EB30D4EB-B85A-4353-BCB6-9E47BEF1B140}.Debug|Any CPU.ActiveCfg = Debug|Any CPU
		{EB30D4EB-B85A-4353-BCB6-9E47BEF1B140}.Debug|Any CPU.Build.0 = Debug|Any CPU
		{EB30D4EB-B85A-4353-BCB6-9E47BEF1B140}.DVD-5|Any CPU.ActiveCfg = Debug|Any CPU
		{EB30D4EB-B85A-4353-BCB6-9E47BEF1B140}.DVD-5|Any CPU.Build.0 = Debug|Any CPU
		{EB30D4EB-B85A-4353-BCB6-9E47BEF1B140}.Release|Any CPU.ActiveCfg = Release|Any CPU
		{EB30D4EB-B85A-4353-BCB6-9E47BEF1B140}.Release|Any CPU.Build.0 = Release|Any CPU
		{EB30D4EB-B85A-4353-BCB6-9E47BEF1B140}.SingleImage|Any CPU.ActiveCfg = Release|Any CPU
		{EB30D4EB-B85A-4353-BCB6-9E47BEF1B140}.SingleImage|Any CPU.Build.0 = Release|Any CPU
		{73FBB8A2-88D2-4DDB-A0B7-BE4003D103AA}.CD_ROM|Any CPU.ActiveCfg = Release|Any CPU
		{73FBB8A2-88D2-4DDB-A0B7-BE4003D103AA}.CD_ROM|Any CPU.Build.0 = Release|Any CPU
		{73FBB8A2-88D2-4DDB-A0B7-BE4003D103AA}.Debug|Any CPU.ActiveCfg = Debug|Any CPU
		{73FBB8A2-88D2-4DDB-A0B7-BE4003D103AA}.Debug|Any CPU.Build.0 = Debug|Any CPU
		{73FBB8A2-88D2-4DDB-A0B7-BE4003D103AA}.DVD-5|Any CPU.ActiveCfg = Debug|Any CPU
		{73FBB8A2-88D2-4DDB-A0B7-BE4003D103AA}.DVD-5|Any CPU.Build.0 = Debug|Any CPU
		{73FBB8A2-88D2-4DDB-A0B7-BE4003D103AA}.Release|Any CPU.ActiveCfg = Release|Any CPU
		{73FBB8A2-88D2-4DDB-A0B7-BE4003D103AA}.Release|Any CPU.Build.0 = Release|Any CPU
		{73FBB8A2-88D2-4DDB-A0B7-BE4003D103AA}.SingleImage|Any CPU.ActiveCfg = Release|Any CPU
		{73FBB8A2-88D2-4DDB-A0B7-BE4003D103AA}.SingleImage|Any CPU.Build.0 = Release|Any CPU
		{8F4A3552-1AB5-493E-BB98-8C4B9481B8F5}.CD_ROM|Any CPU.ActiveCfg = CD_ROM
		{8F4A3552-1AB5-493E-BB98-8C4B9481B8F5}.CD_ROM|Any CPU.Build.0 = CD_ROM
		{8F4A3552-1AB5-493E-BB98-8C4B9481B8F5}.Debug|Any CPU.ActiveCfg = SingleImage
		{8F4A3552-1AB5-493E-BB98-8C4B9481B8F5}.DVD-5|Any CPU.ActiveCfg = DVD-5
		{8F4A3552-1AB5-493E-BB98-8C4B9481B8F5}.DVD-5|Any CPU.Build.0 = DVD-5
		{8F4A3552-1AB5-493E-BB98-8C4B9481B8F5}.Release|Any CPU.ActiveCfg = SingleImage
		{8F4A3552-1AB5-493E-BB98-8C4B9481B8F5}.Release|Any CPU.Build.0 = SingleImage
		{8F4A3552-1AB5-493E-BB98-8C4B9481B8F5}.SingleImage|Any CPU.ActiveCfg = SingleImage
		{8F4A3552-1AB5-493E-BB98-8C4B9481B8F5}.SingleImage|Any CPU.Build.0 = SingleImage
		{0A1C4FD0-A06D-4773-A651-E511093D03E4}.CD_ROM|Any CPU.ActiveCfg = Release|Any CPU
		{0A1C4FD0-A06D-4773-A651-E511093D03E4}.CD_ROM|Any CPU.Build.0 = Release|Any CPU
		{0A1C4FD0-A06D-4773-A651-E511093D03E4}.Debug|Any CPU.ActiveCfg = Debug|Any CPU
		{0A1C4FD0-A06D-4773-A651-E511093D03E4}.Debug|Any CPU.Build.0 = Debug|Any CPU
		{0A1C4FD0-A06D-4773-A651-E511093D03E4}.DVD-5|Any CPU.ActiveCfg = Debug|Any CPU
		{0A1C4FD0-A06D-4773-A651-E511093D03E4}.DVD-5|Any CPU.Build.0 = Debug|Any CPU
		{0A1C4FD0-A06D-4773-A651-E511093D03E4}.Release|Any CPU.ActiveCfg = Release|Any CPU
		{0A1C4FD0-A06D-4773-A651-E511093D03E4}.Release|Any CPU.Build.0 = Release|Any CPU
		{0A1C4FD0-A06D-4773-A651-E511093D03E4}.SingleImage|Any CPU.ActiveCfg = Release|Any CPU
		{0A1C4FD0-A06D-4773-A651-E511093D03E4}.SingleImage|Any CPU.Build.0 = Release|Any CPU
	EndGlobalSection
	GlobalSection(SolutionProperties) = preSolution
		HideSolutionNode = FALSE
	EndGlobalSection
EndGlobal
